
Microsoft Visual Studio Solution File, Format Version 12.00
# Visual Studio Version 16
VisualStudioVersion = 16.0.31515.178
MinimumVisualStudioVersion = 10.0.40219.1
Project("{FAE04EC0-301F-11D3-BF4B-00C04F79EFBC}") = "Sample Webapp", "Sample Webapp\Sample Webapp.csproj", "{4654F40B-4067-41F4-B7B1-FF75F3F8BF4A}"
EndProject
Global
	GlobalSection(SolutionConfigurationPlatforms) = preSolution
		Debug|Any CPU = Debug|Any CPU
		Release|Any CPU = Release|Any CPU
	EndGlobalSection
	GlobalSection(ProjectConfigurationPlatforms) = postSolution
		{4654F40B-4067-41F4-B7B1-FF75F3F8BF4A}.Debug|Any CPU.ActiveCfg = Debug|Any CPU
		{4654F40B-4067-41F4-B7B1-FF75F3F8BF4A}.Debug|Any CPU.Build.0 = Debug|Any CPU
		{4654F40B-4067-41F4-B7B1-FF75F3F8BF4A}.Release|Any CPU.ActiveCfg = Release|Any CPU
		{4654F40B-4067-41F4-B7B1-FF75F3F8BF4A}.Release|Any CPU.Build.0 = Release|Any CPU
	EndGlobalSection
	GlobalSection(SolutionProperties) = preSolution
		HideSolutionNode = FALSE
	EndGlobalSection
	GlobalSection(ExtensibilityGlobals) = postSolution
		SolutionGuid = {7A2812E5-56BB-45EF-A215-5A649018EC07}
	EndGlobalSection
EndGlobal
